
Microsoft Visual Studio Solution File, Format Version 12.00
# Visual Studio Version 16
VisualStudioVersion = 16.0.29911.84
MinimumVisualStudioVersion = 10.0.40219.1
Project("{FAE04EC0-301F-11D3-BF4B-00C04F79EFBC}") = "IceCreams", "IceCreams\IceCreams.csproj", "{BEF7F417-8C19-4721-9A21-56B69B8666FF}"
EndProject
Project("{FAE04EC0-301F-11D3-BF4B-00C04F79EFBC}") = "Models", "Models\Models.csproj", "{6697BA2D-8651-4A98-8C48-2F15450B4347}"
EndProject
Project("{FAE04EC0-301F-11D3-BF4B-00C04F79EFBC}") = "ViewModels", "ViewModels\ViewModels.csproj", "{724DA25F-E928-4605-93A8-151452050FA7}"
EndProject
Global
	GlobalSection(SolutionConfigurationPlatforms) = preSolution
		Debug|Any CPU = Debug|Any CPU
		Release|Any CPU = Release|Any CPU
	EndGlobalSection
	GlobalSection(ProjectConfigurationPlatforms) = postSolution
		{BEF7F417-8C19-4721-9A21-56B69B8666FF}.Debug|Any CPU.ActiveCfg = Debug|Any CPU
		{BEF7F417-8C19-4721-9A21-56B69B8666FF}.Debug|Any CPU.Build.0 = Debug|Any CPU
		{BEF7F417-8C19-4721-9A21-56B69B8666FF}.Release|Any CPU.ActiveCfg = Release|Any CPU
		{BEF7F417-8C19-4721-9A21-56B69B8666FF}.Release|Any CPU.Build.0 = Release|Any CPU
		{6697BA2D-8651-4A98-8C48-2F15450B4347}.Debug|Any CPU.ActiveCfg = Debug|Any CPU
		{6697BA2D-8651-4A98-8C48-2F15450B4347}.Debug|Any CPU.Build.0 = Debug|Any CPU
		{6697BA2D-8651-4A98-8C48-2F15450B4347}.Release|Any CPU.ActiveCfg = Release|Any CPU
		{6697BA2D-8651-4A98-8C48-2F15450B4347}.Release|Any CPU.Build.0 = Release|Any CPU
		{724DA25F-E928-4605-93A8-151452050FA7}.Debug|Any CPU.ActiveCfg = Debug|Any CPU
		{724DA25F-E928-4605-93A8-151452050FA7}.Debug|Any CPU.Build.0 = Debug|Any CPU
		{724DA25F-E928-4605-93A8-151452050FA7}.Release|Any CPU.ActiveCfg = Release|Any CPU
		{724DA25F-E928-4605-93A8-151452050FA7}.Release|Any CPU.Build.0 = Release|Any CPU
	EndGlobalSection
	GlobalSection(SolutionProperties) = preSolution
		HideSolutionNode = FALSE
	EndGlobalSection
	GlobalSection(ExtensibilityGlobals) = postSolution
		SolutionGuid = {205B475B-3D99-4468-AA0C-3729A3C5A676}
	EndGlobalSection
EndGlobal
